
Microsoft Visual Studio Solution File, Format Version 12.00
# Visual Studio 15
VisualStudioVersion = 15.0.26730.12
MinimumVisualStudioVersion = 10.0.40219.1
Project("{262852C6-CD72-467D-83FE-5EEB1973A190}") = "GestionCollaborateursABI", "GestionCollaborateursABI\GestionCollaborateursABI.jsproj", "{610A010D-95F8-48BE-86AC-56BB6933608A}"
EndProject
Global
	GlobalSection(SolutionConfigurationPlatforms) = preSolution
		Debug|Android = Debug|Android
		Debug|iOS = Debug|iOS
		Debug|Windows-ARM = Debug|Windows-ARM
		Debug|Windows-x64 = Debug|Windows-x64
		Debug|Windows-x86 = Debug|Windows-x86
		Release|Android = Release|Android
		Release|iOS = Release|iOS
		Release|Windows-ARM = Release|Windows-ARM
		Release|Windows-x64 = Release|Windows-x64
		Release|Windows-x86 = Release|Windows-x86
	EndGlobalSection
	GlobalSection(ProjectConfigurationPlatforms) = postSolution
		{610A010D-95F8-48BE-86AC-56BB6933608A}.Debug|Android.ActiveCfg = Debug|Android
		{610A010D-95F8-48BE-86AC-56BB6933608A}.Debug|Android.Build.0 = Debug|Android
		{610A010D-95F8-48BE-86AC-56BB6933608A}.Debug|Android.Deploy.0 = Debug|Android
		{610A010D-95F8-48BE-86AC-56BB6933608A}.Debug|iOS.ActiveCfg = Debug|iOS
		{610A010D-95F8-48BE-86AC-56BB6933608A}.Debug|iOS.Build.0 = Debug|iOS
		{610A010D-95F8-48BE-86AC-56BB6933608A}.Debug|iOS.Deploy.0 = Debug|iOS
		{610A010D-95F8-48BE-86AC-56BB6933608A}.Debug|Windows-ARM.ActiveCfg = Debug|Windows-ARM
		{610A010D-95F8-48BE-86AC-56BB6933608A}.Debug|Windows-ARM.Build.0 = Debug|Windows-ARM
		{610A010D-95F8-48BE-86AC-56BB6933608A}.Debug|Windows-ARM.Deploy.0 = Debug|Windows-ARM
		{610A010D-95F8-48BE-86AC-56BB6933608A}.Debug|Windows-x64.ActiveCfg = Debug|Windows-x64
		{610A010D-95F8-48BE-86AC-56BB6933608A}.Debug|Windows-x64.Build.0 = Debug|Windows-x64
		{610A010D-95F8-48BE-86AC-56BB6933608A}.Debug|Windows-x64.Deploy.0 = Debug|Windows-x64
		{610A010D-95F8-48BE-86AC-56BB6933608A}.Debug|Windows-x86.ActiveCfg = Debug|Windows-x86
		{610A010D-95F8-48BE-86AC-56BB6933608A}.Debug|Windows-x86.Build.0 = Debug|Windows-x86
		{610A010D-95F8-48BE-86AC-56BB6933608A}.Debug|Windows-x86.Deploy.0 = Debug|Windows-x86
		{610A010D-95F8-48BE-86AC-56BB6933608A}.Release|Android.ActiveCfg = Release|Android
		{610A010D-95F8-48BE-86AC-56BB6933608A}.Release|Android.Build.0 = Release|Android
		{610A010D-95F8-48BE-86AC-56BB6933608A}.Release|Android.Deploy.0 = Release|Android
		{610A010D-95F8-48BE-86AC-56BB6933608A}.Release|iOS.ActiveCfg = Release|iOS
		{610A010D-95F8-48BE-86AC-56BB6933608A}.Release|iOS.Build.0 = Release|iOS
		{610A010D-95F8-48BE-86AC-56BB6933608A}.Release|iOS.Deploy.0 = Release|iOS
		{610A010D-95F8-48BE-86AC-56BB6933608A}.Release|Windows-ARM.ActiveCfg = Release|Windows-ARM
		{610A010D-95F8-48BE-86AC-56BB6933608A}.Release|Windows-ARM.Build.0 = Release|Windows-ARM
		{610A010D-95F8-48BE-86AC-56BB6933608A}.Release|Windows-ARM.Deploy.0 = Release|Windows-ARM
		{610A010D-95F8-48BE-86AC-56BB6933608A}.Release|Windows-x64.ActiveCfg = Release|Windows-x64
		{610A010D-95F8-48BE-86AC-56BB6933608A}.Release|Windows-x64.Build.0 = Release|Windows-x64
		{610A010D-95F8-48BE-86AC-56BB6933608A}.Release|Windows-x64.Deploy.0 = Release|Windows-x64
		{610A010D-95F8-48BE-86AC-56BB6933608A}.Release|Windows-x86.ActiveCfg = Release|Windows-x86
		{610A010D-95F8-48BE-86AC-56BB6933608A}.Release|Windows-x86.Build.0 = Release|Windows-x86
		{610A010D-95F8-48BE-86AC-56BB6933608A}.Release|Windows-x86.Deploy.0 = Release|Windows-x86
	EndGlobalSection
	GlobalSection(SolutionProperties) = preSolution
		HideSolutionNode = FALSE
	EndGlobalSection
	GlobalSection(ExtensibilityGlobals) = postSolution
		SolutionGuid = {B69393FB-AEB0-404E-A6D4-FD610648AD3C}
	EndGlobalSection
EndGlobal
